GEM
  remote: https://rubygems.org/
  specs:
    activemodel (7.1.6)
      activesupport (= 7.1.6)
    activerecord (7.1.6)
      activemodel (= 7.1.6)
      activesupport (= 7.1.6)
      timeout (>= 0.4.0)
    activesupport (7.1.6)
      base64
      benchmark (>= 0.3)
      bigdecimal
      concurrent-ruby (~> 1.0, >= 1.0.2)
      connection_pool (>= 2.2.5)
      drb
      i18n (>= 1.6, < 2)
      logger (>= 1.4.2)
      minitest (>= 5.1)
      mutex_m
      securerandom (>= 0.3)
      tzinfo (~> 2.0)
    base64 (0.3.0)
    bcrypt (3.1.18)
    benchmark (0.5.0)
    bigdecimal (4.1.1)
    concurrent-ruby (1.3.6)
    connection_pool (2.5.5)
    dentaku (3.5.1)
      concurrent-ruby
    drb (2.2.3)
    fiber_pool (1.0.0)
    i18n (1.14.8)
      concurrent-ruby (~> 1.0)
    logger (1.7.0)
    mini_portile2 (2.8.1)
    minitest (5.26.1)
    morse (0.0.2)
    mutex_m (0.3.0)
    nokogiri (1.14.0)
      mini_portile2 (~> 2.8.0)
      racc (~> 1.4)
    pg (1.4.5)
    racc (1.6.2)
    rack (3.0.4.1)
    securerandom (0.3.2)
    timeout (0.6.1)
    tzinfo (2.0.6)
      concurrent-ruby (~> 1.0)

PLATFORMS
  ruby

DEPENDENCIES
  activerecord
  bcrypt
  dentaku
  fiber_pool
  morse
  nokogiri
  pg
  rack

BUNDLED WITH
   2.1.4
